
Microsoft Visual Studio Solution File, Format Version 12.00
# Visual Studio 15
VisualStudioVersion = 15.0.27004.2008
MinimumVisualStudioVersion = 10.0.40219.1
Project("{8BC9CEB8-8B4A-11D0-8D11-00A0C91BC942}") = "learningSDL1", "learningSDL1\learningSDL1.vcxproj", "{2EBD31F4-4976-45BD-ABAA-B3AD55C26608}"
EndProject
Global
	GlobalSection(SolutionConfigurationPlatforms) = preSolution
		Debug|x64 = Debug|x64
		Debug|x86 = Debug|x86
		Release|x64 = Release|x64
		Release|x86 = Release|x86
	EndGlobalSection
	GlobalSection(ProjectConfigurationPlatforms) = postSolution
		{2EBD31F4-4976-45BD-ABAA-B3AD55C26608}.Debug|x64.ActiveCfg = Debug|x64
		{2EBD31F4-4976-45BD-ABAA-B3AD55C26608}.Debug|x64.Build.0 = Debug|x64
		{2EBD31F4-4976-45BD-ABAA-B3AD55C26608}.Debug|x86.ActiveCfg = Debug|Win32
		{2EBD31F4-4976-45BD-ABAA-B3AD55C26608}.Debug|x86.Build.0 = Debug|Win32
		{2EBD31F4-4976-45BD-ABAA-B3AD55C26608}.Release|x64.ActiveCfg = Release|x64
		{2EBD31F4-4976-45BD-ABAA-B3AD55C26608}.Release|x64.Build.0 = Release|x64
		{2EBD31F4-4976-45BD-ABAA-B3AD55C26608}.Release|x86.ActiveCfg = Release|Win32
		{2EBD31F4-4976-45BD-ABAA-B3AD55C26608}.Release|x86.Build.0 = Release|Win32
	EndGlobalSection
	GlobalSection(SolutionProperties) = preSolution
		HideSolutionNode = FALSE
	EndGlobalSection
	GlobalSection(ExtensibilityGlobals) = postSolution
		SolutionGuid = {451097CC-443E-403F-A3B5-EFC6999C606D}
	EndGlobalSection
EndGlobal
